
Microsoft Visual Studio Solution File, Format Version 12.00
# Visual Studio 15
VisualStudioVersion = 15.0.28307.168
MinimumVisualStudioVersion = 10.0.40219.1
Project("{FAE04EC0-301F-11D3-BF4B-00C04F79EFBC}") = "Lab02-UNIT_TESTING", "Lab02-UNIT_TESTING\Lab02-UNIT_TESTING.csproj", "{3B5E8C9A-E915-4611-BCAA-652BA8FF7C88}"
EndProject
Project("{FAE04EC0-301F-11D3-BF4B-00C04F79EFBC}") = "UnitTest1", "UnitTest1\UnitTest1.csproj", "{1B31B93B-DE38-4983-A759-7D827EB21B76}"
EndProject
Global
	GlobalSection(SolutionConfigurationPlatforms) = preSolution
		Debug|Any CPU = Debug|Any CPU
		Release|Any CPU = Release|Any CPU
	EndGlobalSection
	GlobalSection(ProjectConfigurationPlatforms) = postSolution
		{3B5E8C9A-E915-4611-BCAA-652BA8FF7C88}.Debug|Any CPU.ActiveCfg = Debug|Any CPU
		{3B5E8C9A-E915-4611-BCAA-652BA8FF7C88}.Debug|Any CPU.Build.0 = Debug|Any CPU
		{3B5E8C9A-E915-4611-BCAA-652BA8FF7C88}.Release|Any CPU.ActiveCfg = Release|Any CPU
		{3B5E8C9A-E915-4611-BCAA-652BA8FF7C88}.Release|Any CPU.Build.0 = Release|Any CPU
		{1B31B93B-DE38-4983-A759-7D827EB21B76}.Debug|Any CPU.ActiveCfg = Debug|Any CPU
		{1B31B93B-DE38-4983-A759-7D827EB21B76}.Debug|Any CPU.Build.0 = Debug|Any CPU
		{1B31B93B-DE38-4983-A759-7D827EB21B76}.Release|Any CPU.ActiveCfg = Release|Any CPU
		{1B31B93B-DE38-4983-A759-7D827EB21B76}.Release|Any CPU.Build.0 = Release|Any CPU
	EndGlobalSection
	GlobalSection(SolutionProperties) = preSolution
		HideSolutionNode = FALSE
	EndGlobalSection
	GlobalSection(ExtensibilityGlobals) = postSolution
		SolutionGuid = {60DF60D9-8759-4EEB-8E14-96D7D7938FC2}
	EndGlobalSection
EndGlobal
